
Microsoft Visual Studio Solution File, Format Version 12.00
# Visual Studio Version 17
VisualStudioVersion = 17.9.34607.119
MinimumVisualStudioVersion = 10.0.40219.1
Project("{FAE04EC0-301F-11D3-BF4B-00C04F79EFBC}") = "Faerim Core", "Faerim Core\Faerim Core.csproj", "{0D106AFF-A3B4-4A01-8752-B087EC3EEBDD}"
EndProject
Global
	GlobalSection(SolutionConfigurationPlatforms) = preSolution
		Debug|Any CPU = Debug|Any CPU
		Release|Any CPU = Release|Any CPU
	EndGlobalSection
	GlobalSection(ProjectConfigurationPlatforms) = postSolution
		{0D106AFF-A3B4-4A01-8752-B087EC3EEBDD}.Debug|Any CPU.ActiveCfg = Debug|Any CPU
		{0D106AFF-A3B4-4A01-8752-B087EC3EEBDD}.Debug|Any CPU.Build.0 = Debug|Any CPU
		{0D106AFF-A3B4-4A01-8752-B087EC3EEBDD}.Release|Any CPU.ActiveCfg = Release|Any CPU
		{0D106AFF-A3B4-4A01-8752-B087EC3EEBDD}.Release|Any CPU.Build.0 = Release|Any CPU
	EndGlobalSection
	GlobalSection(SolutionProperties) = preSolution
		HideSolutionNode = FALSE
	EndGlobalSection
	GlobalSection(ExtensibilityGlobals) = postSolution
		SolutionGuid = {378C2B2B-3F5A-4E5C-A337-835932D39E01}
	EndGlobalSection
EndGlobal
